
Microsoft Visual Studio Solution File, Format Version 12.00
# Visual Studio 15
VisualStudioVersion = 15.0.27130.2024
MinimumVisualStudioVersion = 10.0.40219.1
Project("{8BC9CEB8-8B4A-11D0-8D11-00A0C91BC942}") = "CppConsoleApplication1", "CppConsoleApplication1\CppConsoleApplication1.vcxproj", "{3D489798-2DC0-4CFD-A53B-1865F445AFC5}"
EndProject
Project("{8BC9CEB8-8B4A-11D0-8D11-00A0C91BC942}") = "JanyeeWin32Sundry", "JanyeeWin32Sundry\JanyeeWin32Sundry.vcxproj", "{3ACD4F20-D38A-4675-86E7-562E4C122525}"
EndProject
Project("{8BC9CEB8-8B4A-11D0-8D11-00A0C91BC942}") = "ConsoleApplication2", "ConsoleApplication2\ConsoleApplication2.vcxproj", "{FDACA64F-8024-452A-9B06-9A965E900537}"
EndProject
Project("{8BC9CEB8-8B4A-11D0-8D11-00A0C91BC942}") = "MathFuncsLib", "MathFuncsLib\MathFuncsLib.vcxproj", "{B081944A-472B-4796-982D-A71A2BC1FDEC}"
EndProject
Project("{8BC9CEB8-8B4A-11D0-8D11-00A0C91BC942}") = "CProject", "CProject\CProject.vcxproj", "{B9247AF0-592F-4F14-8EB7-0A0417EFDDEE}"
EndProject
Project("{8BC9CEB8-8B4A-11D0-8D11-00A0C91BC942}") = "Tool", "Tool\Tool.vcxproj", "{AE3EADB1-5D31-474D-BF23-5A5CB841BC17}"
EndProject
Project("{8BC9CEB8-8B4A-11D0-8D11-00A0C91BC942}") = "CProject2", "CProject2\CProject2.vcxproj", "{FED6DDA5-F7BB-4BC3-AD5C-71BDA665A42D}"
EndProject
Project("{8BC9CEB8-8B4A-11D0-8D11-00A0C91BC942}") = "DataCollection", "DataCollection\DataCollection.vcxproj", "{3AB722E4-4968-46C6-9D0D-99CAC401E1F0}"
EndProject
Global
	GlobalSection(SolutionConfigurationPlatforms) = preSolution
		Debug|x64 = Debug|x64
		Debug|x86 = Debug|x86
		Release|x64 = Release|x64
		Release|x86 = Release|x86
	EndGlobalSection
	GlobalSection(ProjectConfigurationPlatforms) = postSolution
		{3D489798-2DC0-4CFD-A53B-1865F445AFC5}.Debug|x64.ActiveCfg = Debug|x64
		{3D489798-2DC0-4CFD-A53B-1865F445AFC5}.Debug|x64.Build.0 = Debug|x64
		{3D489798-2DC0-4CFD-A53B-1865F445AFC5}.Debug|x86.ActiveCfg = Debug|Win32
		{3D489798-2DC0-4CFD-A53B-1865F445AFC5}.Debug|x86.Build.0 = Debug|Win32
		{3D489798-2DC0-4CFD-A53B-1865F445AFC5}.Release|x64.ActiveCfg = Release|x64
		{3D489798-2DC0-4CFD-A53B-1865F445AFC5}.Release|x64.Build.0 = Release|x64
		{3D489798-2DC0-4CFD-A53B-1865F445AFC5}.Release|x86.ActiveCfg = Release|Win32
		{3D489798-2DC0-4CFD-A53B-1865F445AFC5}.Release|x86.Build.0 = Release|Win32
		{3ACD4F20-D38A-4675-86E7-562E4C122525}.Debug|x64.ActiveCfg = Debug|x64
		{3ACD4F20-D38A-4675-86E7-562E4C122525}.Debug|x64.Build.0 = Debug|x64
		{3ACD4F20-D38A-4675-86E7-562E4C122525}.Debug|x86.ActiveCfg = Debug|Win32
		{3ACD4F20-D38A-4675-86E7-562E4C122525}.Debug|x86.Build.0 = Debug|Win32
		{3ACD4F20-D38A-4675-86E7-562E4C122525}.Release|x64.ActiveCfg = Release|x64
		{3ACD4F20-D38A-4675-86E7-562E4C122525}.Release|x64.Build.0 = Release|x64
		{3ACD4F20-D38A-4675-86E7-562E4C122525}.Release|x86.ActiveCfg = Release|Win32
		{3ACD4F20-D38A-4675-86E7-562E4C122525}.Release|x86.Build.0 = Release|Win32
		{FDACA64F-8024-452A-9B06-9A965E900537}.Debug|x64.ActiveCfg = Debug|x64
		{FDACA64F-8024-452A-9B06-9A965E900537}.Debug|x64.Build.0 = Debug|x64
		{FDACA64F-8024-452A-9B06-9A965E900537}.Debug|x86.ActiveCfg = Debug|Win32
		{FDACA64F-8024-452A-9B06-9A965E900537}.Debug|x86.Build.0 = Debug|Win32
		{FDACA64F-8024-452A-9B06-9A965E900537}.Release|x64.ActiveCfg = Release|x64
		{FDACA64F-8024-452A-9B06-9A965E900537}.Release|x64.Build.0 = Release|x64
		{FDACA64F-8024-452A-9B06-9A965E900537}.Release|x86.ActiveCfg = Release|Win32
		{FDACA64F-8024-452A-9B06-9A965E900537}.Release|x86.Build.0 = Release|Win32
		{B081944A-472B-4796-982D-A71A2BC1FDEC}.Debug|x64.ActiveCfg = Debug|x64
		{B081944A-472B-4796-982D-A71A2BC1FDEC}.Debug|x64.Build.0 = Debug|x64
		{B081944A-472B-4796-982D-A71A2BC1FDEC}.Debug|x86.ActiveCfg = Debug|Win32
		{B081944A-472B-4796-982D-A71A2BC1FDEC}.Debug|x86.Build.0 = Debug|Win32
		{B081944A-472B-4796-982D-A71A2BC1FDEC}.Release|x64.ActiveCfg = Release|x64
		{B081944A-472B-4796-982D-A71A2BC1FDEC}.Release|x64.Build.0 = Release|x64
		{B081944A-472B-4796-982D-A71A2BC1FDEC}.Release|x86.ActiveCfg = Release|Win32
		{B081944A-472B-4796-982D-A71A2BC1FDEC}.Release|x86.Build.0 = Release|Win32
		{B9247AF0-592F-4F14-8EB7-0A0417EFDDEE}.Debug|x64.ActiveCfg = Debug|x64
		{B9247AF0-592F-4F14-8EB7-0A0417EFDDEE}.Debug|x64.Build.0 = Debug|x64
		{B9247AF0-592F-4F14-8EB7-0A0417EFDDEE}.Debug|x86.ActiveCfg = Debug|Win32
		{B9247AF0-592F-4F14-8EB7-0A0417EFDDEE}.Debug|x86.Build.0 = Debug|Win32
		{B9247AF0-592F-4F14-8EB7-0A0417EFDDEE}.Release|x64.ActiveCfg = Release|x64
		{B9247AF0-592F-4F14-8EB7-0A0417EFDDEE}.Release|x64.Build.0 = Release|x64
		{B9247AF0-592F-4F14-8EB7-0A0417EFDDEE}.Release|x86.ActiveCfg = Release|Win32
		{B9247AF0-592F-4F14-8EB7-0A0417EFDDEE}.Release|x86.Build.0 = Release|Win32
		{AE3EADB1-5D31-474D-BF23-5A5CB841BC17}.Debug|x64.ActiveCfg = Debug|x64
		{AE3EADB1-5D31-474D-BF23-5A5CB841BC17}.Debug|x64.Build.0 = Debug|x64
		{AE3EADB1-5D31-474D-BF23-5A5CB841BC17}.Debug|x86.ActiveCfg = Debug|Win32
		{AE3EADB1-5D31-474D-BF23-5A5CB841BC17}.Debug|x86.Build.0 = Debug|Win32
		{AE3EADB1-5D31-474D-BF23-5A5CB841BC17}.Release|x64.ActiveCfg = Release|x64
		{AE3EADB1-5D31-474D-BF23-5A5CB841BC17}.Release|x64.Build.0 = Release|x64
		{AE3EADB1-5D31-474D-BF23-5A5CB841BC17}.Release|x86.ActiveCfg = Release|Win32
		{AE3EADB1-5D31-474D-BF23-5A5CB841BC17}.Release|x86.Build.0 = Release|Win32
		{FED6DDA5-F7BB-4BC3-AD5C-71BDA665A42D}.Debug|x64.ActiveCfg = Debug|x64
		{FED6DDA5-F7BB-4BC3-AD5C-71BDA665A42D}.Debug|x64.Build.0 = Debug|x64
		{FED6DDA5-F7BB-4BC3-AD5C-71BDA665A42D}.Debug|x86.ActiveCfg = Debug|Win32
		{FED6DDA5-F7BB-4BC3-AD5C-71BDA665A42D}.Debug|x86.Build.0 = Debug|Win32
		{FED6DDA5-F7BB-4BC3-AD5C-71BDA665A42D}.Release|x64.ActiveCfg = Release|x64
		{FED6DDA5-F7BB-4BC3-AD5C-71BDA665A42D}.Release|x64.Build.0 = Release|x64
		{FED6DDA5-F7BB-4BC3-AD5C-71BDA665A42D}.Release|x86.ActiveCfg = Release|Win32
		{FED6DDA5-F7BB-4BC3-AD5C-71BDA665A42D}.Release|x86.Build.0 = Release|Win32
		{3AB722E4-4968-46C6-9D0D-99CAC401E1F0}.Debug|x64.ActiveCfg = Debug|x64
		{3AB722E4-4968-46C6-9D0D-99CAC401E1F0}.Debug|x64.Build.0 = Debug|x64
		{3AB722E4-4968-46C6-9D0D-99CAC401E1F0}.Debug|x86.ActiveCfg = Debug|Win32
		{3AB722E4-4968-46C6-9D0D-99CAC401E1F0}.Debug|x86.Build.0 = Debug|Win32
		{3AB722E4-4968-46C6-9D0D-99CAC401E1F0}.Release|x64.ActiveCfg = Release|x64
		{3AB722E4-4968-46C6-9D0D-99CAC401E1F0}.Release|x64.Build.0 = Release|x64
		{3AB722E4-4968-46C6-9D0D-99CAC401E1F0}.Release|x86.ActiveCfg = Release|Win32
		{3AB722E4-4968-46C6-9D0D-99CAC401E1F0}.Release|x86.Build.0 = Release|Win32
	EndGlobalSection
	GlobalSection(SolutionProperties) = preSolution
		HideSolutionNode = FALSE
	EndGlobalSection
	GlobalSection(ExtensibilityGlobals) = postSolution
		SolutionGuid = {04159B08-B28C-4878-9775-F17EB680E637}
	EndGlobalSection
EndGlobal
