
Microsoft Visual Studio Solution File, Format Version 12.00
# Visual Studio 15
VisualStudioVersion = 15.0.27130.2024
MinimumVisualStudioVersion = 10.0.40219.1
Project("{8BC9CEB8-8B4A-11D0-8D11-00A0C91BC942}") = "CppConsoleApplication1", "CppConsoleApplication1\CppConsoleApplication1.vcxproj", "{3D489798-2DC0-4CFD-A53B-1865F445AFC5}"
EndProject
Project("{8BC9CEB8-8B4A-11D0-8D11-00A0C91BC942}") = "JanyeeWin32Sundry", "JanyeeWin32Sundry\JanyeeWin32Sundry.vcxproj", "{3ACD4F20-D38A-4675-86E7-562E4C122525}"
EndProject
Project("{8BC9CEB8-8B4A-11D0-8D11-00A0C91BC942}") = "ConsoleApplication2", "ConsoleApplication2\ConsoleApplication2.vcxproj", "{FDACA64F-8024-452A-9B06-9A965E900537}"
EndProject
Project("{8BC9CEB8-8B4A-11D0-8D11-00A0C91BC942}") = "MathFuncsLib", "MathFuncsLib\MathFuncsLib.vcxproj", "{B081944A-472B-4796-982D-A71A2BC1FDEC}"
EndProject
Global
	GlobalSection(SolutionConfigurationPlatforms) = preSolution
		Debug|x64 = Debug|x64
		Debug|x86 = Debug|x86
		Release|x64 = Release|x64
		Release|x86 = Release|x86
	EndGlobalSection
	GlobalSection(ProjectConfigurationPlatforms) = postSolution
		{3D489798-2DC0-4CFD-A53B-1865F445AFC5}.Debug|x64.ActiveCfg = Debug|x64
		{3D489798-2DC0-4CFD-A53B-1865F445AFC5}.Debug|x64.Build.0 = Debug|x64
		{3D489798-2DC0-4CFD-A53B-1865F445AFC5}.Debug|x86.ActiveCfg = Debug|Win32
		{3D489798-2DC0-4CFD-A53B-1865F445AFC5}.Debug|x86.Build.0 = Debug|Win32
		{3D489798-2DC0-4CFD-A53B-1865F445AFC5}.Release|x64.ActiveCfg = Release|x64
		{3D489798-2DC0-4CFD-A53B-1865F445AFC5}.Release|x64.Build.0 = Release|x64
		{3D489798-2DC0-4CFD-A53B-1865F445AFC5}.Release|x86.ActiveCfg = Release|Win32
		{3D489798-2DC0-4CFD-A53B-1865F445AFC5}.Release|x86.Build.0 = Release|Win32
		{3ACD4F20-D38A-4675-86E7-562E4C122525}.Debug|x64.ActiveCfg = Debug|x64
		{3ACD4F20-D38A-4675-86E7-562E4C122525}.Debug|x64.Build.0 = Debug|x64
		{3ACD4F20-D38A-4675-86E7-562E4C122525}.Debug|x86.ActiveCfg = Debug|Win32
		{3ACD4F20-D38A-4675-86E7-562E4C122525}.Debug|x86.Build.0 = Debug|Win32
		{3ACD4F20-D38A-4675-86E7-562E4C122525}.Release|x64.ActiveCfg = Release|x64
		{3ACD4F20-D38A-4675-86E7-562E4C122525}.Release|x64.Build.0 = Release|x64
		{3ACD4F20-D38A-4675-86E7-562E4C122525}.Release|x86.ActiveCfg = Release|Win32
		{3ACD4F20-D38A-4675-86E7-562E4C122525}.Release|x86.Build.0 = Release|Win32
		{FDACA64F-8024-452A-9B06-9A965E900537}.Debug|x64.ActiveCfg = Debug|x64
		{FDACA64F-8024-452A-9B06-9A965E900537}.Debug|x64.Build.0 = Debug|x64
		{FDACA64F-8024-452A-9B06-9A965E900537}.Debug|x86.ActiveCfg = Debug|Win32
		{FDACA64F-8024-452A-9B06-9A965E900537}.Debug|x86.Build.0 = Debug|Win32
		{FDACA64F-8024-452A-9B06-9A965E900537}.Release|x64.ActiveCfg = Release|x64
		{FDACA64F-8024-452A-9B06-9A965E900537}.Release|x64.Build.0 = Release|x64
		{FDACA64F-8024-452A-9B06-9A965E900537}.Release|x86.ActiveCfg = Release|Win32
		{FDACA64F-8024-452A-9B06-9A965E900537}.Release|x86.Build.0 = Release|Win32
		{B081944A-472B-4796-982D-A71A2BC1FDEC}.Debug|x64.ActiveCfg = Debug|x64
		{B081944A-472B-4796-982D-A71A2BC1FDEC}.Debug|x64.Build.0 = Debug|x64
		{B081944A-472B-4796-982D-A71A2BC1FDEC}.Debug|x86.ActiveCfg = Debug|Win32
		{B081944A-472B-4796-982D-A71A2BC1FDEC}.Debug|x86.Build.0 = Debug|Win32
		{B081944A-472B-4796-982D-A71A2BC1FDEC}.Release|x64.ActiveCfg = Release|x64
		{B081944A-472B-4796-982D-A71A2BC1FDEC}.Release|x64.Build.0 = Release|x64
		{B081944A-472B-4796-982D-A71A2BC1FDEC}.Release|x86.ActiveCfg = Release|Win32
		{B081944A-472B-4796-982D-A71A2BC1FDEC}.Release|x86.Build.0 = Release|Win32
	EndGlobalSection
	GlobalSection(SolutionProperties) = preSolution
		HideSolutionNode = FALSE
	EndGlobalSection
	GlobalSection(ExtensibilityGlobals) = postSolution
		SolutionGuid = {04159B08-B28C-4878-9775-F17EB680E637}
	EndGlobalSection
EndGlobal
